
Microsoft Visual Studio Solution File, Format Version 12.00
# Visual Studio Version 17
VisualStudioVersion = 17.11.35327.3
MinimumVisualStudioVersion = 10.0.40219.1
Project("{FAE04EC0-301F-11D3-BF4B-00C04F79EFBC}") = "CarAdvertisement", "CarAdvertisement\CarAdvertisement.csproj", "{F8BF27BA-158B-4D35-AF98-7BFEF8FDE3E2}"
EndProject
Project("{FAE04EC0-301F-11D3-BF4B-00C04F79EFBC}") = "Entities", "Entities\Entities.csproj", "{88F99275-8432-492D-8922-8AA215391C0C}"
EndProject
Project("{FAE04EC0-301F-11D3-BF4B-00C04F79EFBC}") = "Repositories", "Repositories\Repositories.csproj", "{B7C0B70A-E90D-4D81-82DA-E895D8BD7F57}"
EndProject
Global
	GlobalSection(SolutionConfigurationPlatforms) = preSolution
		Debug|Any CPU = Debug|Any CPU
		Release|Any CPU = Release|Any CPU
	EndGlobalSection
	GlobalSection(ProjectConfigurationPlatforms) = postSolution
		{F8BF27BA-158B-4D35-AF98-7BFEF8FDE3E2}.Debug|Any CPU.ActiveCfg = Debug|Any CPU
		{F8BF27BA-158B-4D35-AF98-7BFEF8FDE3E2}.Debug|Any CPU.Build.0 = Debug|Any CPU
		{F8BF27BA-158B-4D35-AF98-7BFEF8FDE3E2}.Release|Any CPU.ActiveCfg = Release|Any CPU
		{F8BF27BA-158B-4D35-AF98-7BFEF8FDE3E2}.Release|Any CPU.Build.0 = Release|Any CPU
		{88F99275-8432-492D-8922-8AA215391C0C}.Debug|Any CPU.ActiveCfg = Debug|Any CPU
		{88F99275-8432-492D-8922-8AA215391C0C}.Debug|Any CPU.Build.0 = Debug|Any CPU
		{88F99275-8432-492D-8922-8AA215391C0C}.Release|Any CPU.ActiveCfg = Release|Any CPU
		{88F99275-8432-492D-8922-8AA215391C0C}.Release|Any CPU.Build.0 = Release|Any CPU
		{B7C0B70A-E90D-4D81-82DA-E895D8BD7F57}.Debug|Any CPU.ActiveCfg = Debug|Any CPU
		{B7C0B70A-E90D-4D81-82DA-E895D8BD7F57}.Debug|Any CPU.Build.0 = Debug|Any CPU
		{B7C0B70A-E90D-4D81-82DA-E895D8BD7F57}.Release|Any CPU.ActiveCfg = Release|Any CPU
		{B7C0B70A-E90D-4D81-82DA-E895D8BD7F57}.Release|Any CPU.Build.0 = Release|Any CPU
	EndGlobalSection
	GlobalSection(SolutionProperties) = preSolution
		HideSolutionNode = FALSE
	EndGlobalSection
	GlobalSection(ExtensibilityGlobals) = postSolution
		SolutionGuid = {F23B1E57-4552-41E1-8F6E-83306E1FD37D}
	EndGlobalSection
EndGlobal
